gitlab.com/mjwhitta/frgmnt v1.2.4 h1:Hr0XvTcJVPoxDXW5zLoU8n+MfGlAbqLFj0l/i16xF58=
gitlab.com/mjwhitta/frgmnt v1.2.4/go.mod h1:9qt4faMJTyEw6WnXUYCYc5/MzN31owWxOo0t5yBmYyo=
gitlab.com/mjwhitta/pathname v1.0.9 h1:5nXh0FniuMxB1Bpc5hC2ZtRlff8HnDOvn8lfDVIa5Pg=
gitlab.com/mjwhitta/pathname v1.0.9/go.mod h1:89jSeygMgYX/2gzfrZ6nC9yV8tjVbYrmMd6hk6FaHf8=
