gitlab.com/mjwhitta/frgmnt v1.2.3 h1:4/48t7qv5T2DPHzI6LLhbcB6+pV6MxiJpYTtGQsfkrI=
gitlab.com/mjwhitta/frgmnt v1.2.3/go.mod h1:Z5GUGwRWVSxDUEACOLbJ29uleH6okBXS4OYElUn+AHo=
gitlab.com/mjwhitta/pathname v1.0.8 h1:hyycAuCgrNod6GKy44zI4os/irpsNSbAtZh57okY4Rw=
gitlab.com/mjwhitta/pathname v1.0.8/go.mod h1:OduXtPfsuCk5BMEWuDV3ipTnfyFDaFjHEmUzDWH9bss=
